
Microsoft Visual Studio Solution File, Format Version 12.00
# Visual Studio Version 17
VisualStudioVersion = 17.5.002.0
MinimumVisualStudioVersion = 10.0.40219.1
Project("{2150E333-8FDC-42A3-9474-1A3956D46DE8}") = "sandbox", "sandbox", "{2E3A3DF9-BD36-4812-9D55-DAA890CB098D}"
EndProject
Project("{9A19103F-16F7-4668-BE54-9A1E7A4F7556}") = "sandbox_project", "sandbox\sandbox_project\sandbox_project.csproj", "{69667B85-93B8-4D64-815F-D19DE72ABCDC}"
EndProject
Project("{2150E333-8FDC-42A3-9474-1A3956D46DE8}") = "week01", "week01", "{858B40B5-88C9-4007-AAC2-D98C5E0A5EC2}"
EndProject
Project("{9A19103F-16F7-4668-BE54-9A1E7A4F7556}") = "analyze", "week01\analyze\analyze.csproj", "{F98D703B-FB56-4A5D-9F88-3357ED68B7AF}"
EndProject
Project("{9A19103F-16F7-4668-BE54-9A1E7A4F7556}") = "code", "week01\code\code.csproj", "{5175E8E8-CD90-4EAB-87F2-55D71F644A25}"
EndProject
Project("{9A19103F-16F7-4668-BE54-9A1E7A4F7556}") = "teach", "week01\teach\teach.csproj", "{4A3B9B29-0ACD-4FE8-9A33-6191DE4511C2}"
EndProject
Project("{2150E333-8FDC-42A3-9474-1A3956D46DE8}") = "week02", "week02", "{6913312E-C44B-4ABB-B481-1B921EF08E22}"
EndProject
Project("{9A19103F-16F7-4668-BE54-9A1E7A4F7556}") = "analyze", "week02\analyze\analyze.csproj", "{562FBED0-CE68-4C25-AEDA-64521834A4EB}"
EndProject
Project("{9A19103F-16F7-4668-BE54-9A1E7A4F7556}") = "code", "week02\code\code.csproj", "{831E64EB-E304-44FF-94F4-F2A2C601B6BB}"
EndProject
Project("{9A19103F-16F7-4668-BE54-9A1E7A4F7556}") = "learn", "week02\learn\learn.csproj", "{DDD1291B-1806-46BF-A5CA-011B02F0C4C0}"
EndProject
Project("{9A19103F-16F7-4668-BE54-9A1E7A4F7556}") = "teach", "week02\teach\teach.csproj", "{1584A276-D618-457B-B276-6DC7D72AB3E3}"
EndProject
Project("{2150E333-8FDC-42A3-9474-1A3956D46DE8}") = "week03", "week03", "{25E0B2E7-B0A4-4492-A3B2-7328FB3419BC}"
EndProject
Project("{9A19103F-16F7-4668-BE54-9A1E7A4F7556}") = "code", "week03\code\code.csproj", "{836C71A6-938C-40DE-9F71-FB8C1DC246A5}"
EndProject
Project("{9A19103F-16F7-4668-BE54-9A1E7A4F7556}") = "learn", "week03\learn\learn.csproj", "{D4DFE093-8C7B-45E4-8C2C-09AE50F4817B}"
EndProject
Project("{9A19103F-16F7-4668-BE54-9A1E7A4F7556}") = "teach", "week03\teach\teach.csproj", "{626DC3E0-01EB-4E10-8FDE-FBE499605F07}"
EndProject
Project("{2150E333-8FDC-42A3-9474-1A3956D46DE8}") = "week04", "week04", "{99C0A93F-2670-413F-BE2A-F5B6D8D92A9E}"
EndProject
Project("{9A19103F-16F7-4668-BE54-9A1E7A4F7556}") = "code", "week04\code\code.csproj", "{D1F9C899-031C-4F02-95B3-0823ACAC380F}"
EndProject
Project("{2150E333-8FDC-42A3-9474-1A3956D46DE8}") = "week05", "week05", "{CA1C8D81-0F74-4610-85C0-7222A1A5509D}"
EndProject
Project("{9A19103F-16F7-4668-BE54-9A1E7A4F7556}") = "code", "week05\code\code.csproj", "{CB3AB6B4-3FDB-4A41-B481-2A2292AA0D2D}"
EndProject
Project("{2150E333-8FDC-42A3-9474-1A3956D46DE8}") = "week06", "week06", "{D5E6EFB0-B2A9-4F49-883C-652A89C4EF13}"
EndProject
Project("{9A19103F-16F7-4668-BE54-9A1E7A4F7556}") = "code", "week06\code\code.csproj", "{98DDD560-78C0-4AEC-84D1-6E5F66522506}"
EndProject
Global
	GlobalSection(SolutionConfigurationPlatforms) = preSolution
		Debug|Any CPU = Debug|Any CPU
		Release|Any CPU = Release|Any CPU
	EndGlobalSection
	GlobalSection(ProjectConfigurationPlatforms) = postSolution
		{69667B85-93B8-4D64-815F-D19DE72ABCDC}.Debug|Any CPU.ActiveCfg = Debug|Any CPU
		{69667B85-93B8-4D64-815F-D19DE72ABCDC}.Debug|Any CPU.Build.0 = Debug|Any CPU
		{69667B85-93B8-4D64-815F-D19DE72ABCDC}.Release|Any CPU.ActiveCfg = Release|Any CPU
		{69667B85-93B8-4D64-815F-D19DE72ABCDC}.Release|Any CPU.Build.0 = Release|Any CPU
		{F98D703B-FB56-4A5D-9F88-3357ED68B7AF}.Debug|Any CPU.ActiveCfg = Debug|Any CPU
		{F98D703B-FB56-4A5D-9F88-3357ED68B7AF}.Debug|Any CPU.Build.0 = Debug|Any CPU
		{F98D703B-FB56-4A5D-9F88-3357ED68B7AF}.Release|Any CPU.ActiveCfg = Release|Any CPU
		{F98D703B-FB56-4A5D-9F88-3357ED68B7AF}.Release|Any CPU.Build.0 = Release|Any CPU
		{5175E8E8-CD90-4EAB-87F2-55D71F644A25}.Debug|Any CPU.ActiveCfg = Debug|Any CPU
		{5175E8E8-CD90-4EAB-87F2-55D71F644A25}.Debug|Any CPU.Build.0 = Debug|Any CPU
		{5175E8E8-CD90-4EAB-87F2-55D71F644A25}.Release|Any CPU.ActiveCfg = Release|Any CPU
		{5175E8E8-CD90-4EAB-87F2-55D71F644A25}.Release|Any CPU.Build.0 = Release|Any CPU
		{4A3B9B29-0ACD-4FE8-9A33-6191DE4511C2}.Debug|Any CPU.ActiveCfg = Debug|Any CPU
		{4A3B9B29-0ACD-4FE8-9A33-6191DE4511C2}.Debug|Any CPU.Build.0 = Debug|Any CPU
		{4A3B9B29-0ACD-4FE8-9A33-6191DE4511C2}.Release|Any CPU.ActiveCfg = Release|Any CPU
		{4A3B9B29-0ACD-4FE8-9A33-6191DE4511C2}.Release|Any CPU.Build.0 = Release|Any CPU
		{562FBED0-CE68-4C25-AEDA-64521834A4EB}.Debug|Any CPU.ActiveCfg = Debug|Any CPU
		{562FBED0-CE68-4C25-AEDA-64521834A4EB}.Debug|Any CPU.Build.0 = Debug|Any CPU
		{562FBED0-CE68-4C25-AEDA-64521834A4EB}.Release|Any CPU.ActiveCfg = Release|Any CPU
		{562FBED0-CE68-4C25-AEDA-64521834A4EB}.Release|Any CPU.Build.0 = Release|Any CPU
		{831E64EB-E304-44FF-94F4-F2A2C601B6BB}.Debug|Any CPU.ActiveCfg = Debug|Any CPU
		{831E64EB-E304-44FF-94F4-F2A2C601B6BB}.Debug|Any CPU.Build.0 = Debug|Any CPU
		{831E64EB-E304-44FF-94F4-F2A2C601B6BB}.Release|Any CPU.ActiveCfg = Release|Any CPU
		{831E64EB-E304-44FF-94F4-F2A2C601B6BB}.Release|Any CPU.Build.0 = Release|Any CPU
		{DDD1291B-1806-46BF-A5CA-011B02F0C4C0}.Debug|Any CPU.ActiveCfg = Debug|Any CPU
		{DDD1291B-1806-46BF-A5CA-011B02F0C4C0}.Debug|Any CPU.Build.0 = Debug|Any CPU
		{DDD1291B-1806-46BF-A5CA-011B02F0C4C0}.Release|Any CPU.ActiveCfg = Release|Any CPU
		{DDD1291B-1806-46BF-A5CA-011B02F0C4C0}.Release|Any CPU.Build.0 = Release|Any CPU
		{1584A276-D618-457B-B276-6DC7D72AB3E3}.Debug|Any CPU.ActiveCfg = Debug|Any CPU
		{1584A276-D618-457B-B276-6DC7D72AB3E3}.Debug|Any CPU.Build.0 = Debug|Any CPU
		{1584A276-D618-457B-B276-6DC7D72AB3E3}.Release|Any CPU.ActiveCfg = Release|Any CPU
		{1584A276-D618-457B-B276-6DC7D72AB3E3}.Release|Any CPU.Build.0 = Release|Any CPU
		{836C71A6-938C-40DE-9F71-FB8C1DC246A5}.Debug|Any CPU.ActiveCfg = Debug|Any CPU
		{836C71A6-938C-40DE-9F71-FB8C1DC246A5}.Debug|Any CPU.Build.0 = Debug|Any CPU
		{836C71A6-938C-40DE-9F71-FB8C1DC246A5}.Release|Any CPU.ActiveCfg = Release|Any CPU
		{836C71A6-938C-40DE-9F71-FB8C1DC246A5}.Release|Any CPU.Build.0 = Release|Any CPU
		{D4DFE093-8C7B-45E4-8C2C-09AE50F4817B}.Debug|Any CPU.ActiveCfg = Debug|Any CPU
		{D4DFE093-8C7B-45E4-8C2C-09AE50F4817B}.Debug|Any CPU.Build.0 = Debug|Any CPU
		{D4DFE093-8C7B-45E4-8C2C-09AE50F4817B}.Release|Any CPU.ActiveCfg = Release|Any CPU
		{D4DFE093-8C7B-45E4-8C2C-09AE50F4817B}.Release|Any CPU.Build.0 = Release|Any CPU
		{626DC3E0-01EB-4E10-8FDE-FBE499605F07}.Debug|Any CPU.ActiveCfg = Debug|Any CPU
		{626DC3E0-01EB-4E10-8FDE-FBE499605F07}.Debug|Any CPU.Build.0 = Debug|Any CPU
		{626DC3E0-01EB-4E10-8FDE-FBE499605F07}.Release|Any CPU.ActiveCfg = Release|Any CPU
		{626DC3E0-01EB-4E10-8FDE-FBE499605F07}.Release|Any CPU.Build.0 = Release|Any CPU
		{D1F9C899-031C-4F02-95B3-0823ACAC380F}.Debug|Any CPU.ActiveCfg = Debug|Any CPU
		{D1F9C899-031C-4F02-95B3-0823ACAC380F}.Debug|Any CPU.Build.0 = Debug|Any CPU
		{D1F9C899-031C-4F02-95B3-0823ACAC380F}.Release|Any CPU.ActiveCfg = Release|Any CPU
		{D1F9C899-031C-4F02-95B3-0823ACAC380F}.Release|Any CPU.Build.0 = Release|Any CPU
		{CB3AB6B4-3FDB-4A41-B481-2A2292AA0D2D}.Debug|Any CPU.ActiveCfg = Debug|Any CPU
		{CB3AB6B4-3FDB-4A41-B481-2A2292AA0D2D}.Debug|Any CPU.Build.0 = Debug|Any CPU
		{CB3AB6B4-3FDB-4A41-B481-2A2292AA0D2D}.Release|Any CPU.ActiveCfg = Release|Any CPU
		{CB3AB6B4-3FDB-4A41-B481-2A2292AA0D2D}.Release|Any CPU.Build.0 = Release|Any CPU
		{98DDD560-78C0-4AEC-84D1-6E5F66522506}.Debug|Any CPU.ActiveCfg = Debug|Any CPU
		{98DDD560-78C0-4AEC-84D1-6E5F66522506}.Debug|Any CPU.Build.0 = Debug|Any CPU
		{98DDD560-78C0-4AEC-84D1-6E5F66522506}.Release|Any CPU.ActiveCfg = Release|Any CPU
		{98DDD560-78C0-4AEC-84D1-6E5F66522506}.Release|Any CPU.Build.0 = Release|Any CPU
	EndGlobalSection
	GlobalSection(SolutionProperties) = preSolution
		HideSolutionNode = FALSE
	EndGlobalSection
	GlobalSection(NestedProjects) = preSolution
		{69667B85-93B8-4D64-815F-D19DE72ABCDC} = {2E3A3DF9-BD36-4812-9D55-DAA890CB098D}
		{F98D703B-FB56-4A5D-9F88-3357ED68B7AF} = {858B40B5-88C9-4007-AAC2-D98C5E0A5EC2}
		{5175E8E8-CD90-4EAB-87F2-55D71F644A25} = {858B40B5-88C9-4007-AAC2-D98C5E0A5EC2}
		{4A3B9B29-0ACD-4FE8-9A33-6191DE4511C2} = {858B40B5-88C9-4007-AAC2-D98C5E0A5EC2}
		{562FBED0-CE68-4C25-AEDA-64521834A4EB} = {6913312E-C44B-4ABB-B481-1B921EF08E22}
		{831E64EB-E304-44FF-94F4-F2A2C601B6BB} = {6913312E-C44B-4ABB-B481-1B921EF08E22}
		{DDD1291B-1806-46BF-A5CA-011B02F0C4C0} = {6913312E-C44B-4ABB-B481-1B921EF08E22}
		{1584A276-D618-457B-B276-6DC7D72AB3E3} = {6913312E-C44B-4ABB-B481-1B921EF08E22}
		{836C71A6-938C-40DE-9F71-FB8C1DC246A5} = {25E0B2E7-B0A4-4492-A3B2-7328FB3419BC}
		{D4DFE093-8C7B-45E4-8C2C-09AE50F4817B} = {25E0B2E7-B0A4-4492-A3B2-7328FB3419BC}
		{626DC3E0-01EB-4E10-8FDE-FBE499605F07} = {25E0B2E7-B0A4-4492-A3B2-7328FB3419BC}
		{D1F9C899-031C-4F02-95B3-0823ACAC380F} = {99C0A93F-2670-413F-BE2A-F5B6D8D92A9E}
		{CB3AB6B4-3FDB-4A41-B481-2A2292AA0D2D} = {CA1C8D81-0F74-4610-85C0-7222A1A5509D}
		{98DDD560-78C0-4AEC-84D1-6E5F66522506} = {D5E6EFB0-B2A9-4F49-883C-652A89C4EF13}
	EndGlobalSection
	GlobalSection(ExtensibilityGlobals) = postSolution
		SolutionGuid = {CCFCD89C-05B6-4A2F-8749-C938FBF1D44F}
	EndGlobalSection
EndGlobal
